schema = "reprobuild.solved-graph-lock.v2"

[lock]
platform = "amd64-linux"
optimal = false
inputs_digest = "fnv1a64:cbf29ce484222325"
variants = []
packages = []
deps = [{ name = "codetracer-trace-format-nim", path = "../codetracer-trace-format-nim", coord_kind = "vcs", url = "https://github.com/metacraft-labs/codetracer-trace-format-nim", ref = "dev", revision = "4b0dcadaab3c9b4179ba8e7fda90269d2fa1be65", integrity = "git-sha1:4b0dcadaab3c9b4179ba8e7fda90269d2fa1be65", version = "", visibility = "public", participation = "", depends = "", tags = "" }, { name = "nim", path = ".", coord_kind = "vcs", url = "https://github.com/metacraft-labs/nim", ref = "relock/committed-develop-set", revision = "30a5691c2ef318f6c002526bf133d4f1a7bf5833", integrity = "git-sha1:30a5691c2ef318f6c002526bf133d4f1a7bf5833", version = "", visibility = "public", participation = "", depends = "codetracer-trace-format-nim,nim-stew", tags = "" }, { name = "nim-stew", path = "../nim-stew", coord_kind = "vcs", url = "https://github.com/metacraft-labs/nim-stew", ref = "blocktracer", revision = "cc405401637dc7a32bea708374e26e33f6deca44", integrity = "git-sha1:cc405401637dc7a32bea708374e26e33f6deca44", version = "", visibility = "public", participation = "", depends = "", tags = "" }]
