schema = "reprobuild.solved-graph-lock.v2"

[lock]
platform = "amd64-linux"
optimal = false
inputs_digest = "fnv1a64:cbf29ce484222325"
variants = []
packages = []
deps = [{ name = "codetracer-trace-format-nim", path = "../codetracer-trace-format-nim", coord_kind = "vcs", url = "https://github.com/metacraft-labs/codetracer-trace-format-nim", ref = "agents", revision = "051efd22b00ec3b88676fb07755a65c5a4ca8fde", integrity = "git-sha1:051efd22b00ec3b88676fb07755a65c5a4ca8fde", version = "", visibility = "public", participation = "", depends = "", tags = "" }, { name = "nim", path = ".", coord_kind = "vcs", url = "https://github.com/metacraft-labs/nim", ref = "", revision = "18fa63e3cf69a46ca35ca72328a989faf95d2045", integrity = "git-sha1:18fa63e3cf69a46ca35ca72328a989faf95d2045", version = "", visibility = "public", participation = "", depends = "codetracer-trace-format-nim,nim-stew", tags = "" }, { name = "nim-stew", path = "../nim-stew", coord_kind = "vcs", url = "https://github.com/metacraft-labs/nim-stew", ref = "codetracer", revision = "cc405401637dc7a32bea708374e26e33f6deca44", integrity = "git-sha1:cc405401637dc7a32bea708374e26e33f6deca44", version = "", visibility = "public", participation = "", depends = "", tags = "" }]
